// !$*UTF8*$!
{
	archiveVersion = 1;
	classes = {
	};
	objectVersion = 50;
	objects = {

/* Begin PBXBuildFile section */
		13E057F22193E1F60041EAFE /* AppDelegate.swift in Sources */ = {isa = PBXBuildFile; fileRef = 13E057F12193E1F60041EAFE /* AppDelegate.swift */; };
		13E057F42193E1F60041EAFE /* ViewController.swift in Sources */ = {isa = PBXBuildFile; fileRef = 13E057F32193E1F60041EAFE /* ViewController.swift */; };
		13E057F72193E1F60041EAFE /* Main.storyboard in Resources */ = {isa = PBXBuildFile; fileRef = 13E057F52193E1F60041EAFE /* Main.storyboard */; };
		13E057F92193E1F90041EAFE /* Assets.xcassets in Resources */ = {isa = PBXBuildFile; fileRef = 13E057F82193E1F90041EAFE /* Assets.xcassets */; };
		13E057FC2193E1F90041EAFE /* LaunchScreen.storyboard in Resources */ = {isa = PBXBuildFile; fileRef = 13E057FA2193E1F90041EAFE /* LaunchScreen.storyboard */; };
		13E058072193E1F90041EAFE /* CollectionTests.swift in Sources */ = {isa = PBXBuildFile; fileRef = 13E058062193E1F90041EAFE /* CollectionTests.swift */; };
		13E058122193E1F90041EAFE /* CollectionUITests.swift in Sources */ = {isa = PBXBuildFile; fileRef = 13E058112193E1F90041EAFE /* CollectionUITests.swift */; };
		13E0582421945C180041EAFE /* NextViewController.swift in Sources */ = {isa = PBXBuildFile; fileRef = 13E0582321945C180041EAFE /* NextViewController.swift */; };
		13E0582621947B940041EAFE /* P2pB1I0-_400x400.jpg in Resources */ = {isa = PBXBuildFile; fileRef = 13E0582521947B940041EAFE /* P2pB1I0-_400x400.jpg */; };
/* End PBXBuildFile section */

/* Begin PBXContainerItemProxy section */
		13E058032193E1F90041EAFE /* PBXContainerItemProxy */ = {
			isa = PBXContainerItemProxy;
			containerPortal = 13E057E62193E1F60041EAFE /* Project object */;
			proxyType = 1;
			remoteGlobalIDString = 13E057ED2193E1F60041EAFE;
			remoteInfo = Collection;
		};
		13E0580E2193E1F90041EAFE /* PBXContainerItemProxy */ = {
			isa = PBXContainerItemProxy;
			containerPortal = 13E057E62193E1F60041EAFE /* Project object */;
			proxyType = 1;
			remoteGlobalIDString = 13E057ED2193E1F60041EAFE;
			remoteInfo = Collection;
		};
/* End PBXContainerItemProxy section */

/* Begin PBXFileReference section */
		13E057EE2193E1F60041EAFE /* Collection.app */ = {isa = PBXFileReference; explicitFileType = wrapper.application; includeInIndex = 0; path = Collection.app; sourceTree = BUILT_PRODUCTS_DIR; };
		13E057F12193E1F60041EAFE /* AppDelegate.swift */ = {isa = PBXFileReference; lastKnownFileType = sourcecode.swift; path = AppDelegate.swift; sourceTree = "<group>"; };
		13E057F32193E1F60041EAFE /* ViewController.swift */ = {isa = PBXFileReference; lastKnownFileType = sourcecode.swift; path = ViewController.swift; sourceTree = "<group>"; };
		13E057F62193E1F60041EAFE /* Base */ = {isa = PBXFileReference; lastKnownFileType = file.storyboard; name = Base; path = Base.lproj/Main.storyboard; sourceTree = "<group>"; };
		13E057F82193E1F90041EAFE /* Assets.xcassets */ = {isa = PBXFileReference; lastKnownFileType = folder.assetcatalog; path = Assets.xcassets; sourceTree = "<group>"; };
		13E057FB2193E1F90041EAFE /* Base */ = {isa = PBXFileReference; lastKnownFileType = file.storyboard; name = Base; path = Base.lproj/LaunchScreen.storyboard; sourceTree = "<group>"; };
		13E057FD2193E1F90041EAFE /* Info.plist */ = {isa = PBXFileReference; lastKnownFileType = text.plist.xml; path = Info.plist; sourceTree = "<group>"; };
		13E058022193E1F90041EAFE /* CollectionTests.xctest */ = {isa = PBXFileReference; explicitFileType = wrapper.cfbundle; includeInIndex = 0; path = CollectionTests.xctest; sourceTree = BUILT_PRODUCTS_DIR; };
		13E058062193E1F90041EAFE /* CollectionTests.swift */ = {isa = PBXFileReference; lastKnownFileType = sourcecode.swift; path = CollectionTests.swift; sourceTree = "<group>"; };
		13E058082193E1F90041EAFE /* Info.plist */ = {isa = PBXFileReference; lastKnownFileType = text.plist.xml; path = Info.plist; sourceTree = "<group>"; };
		13E0580D2193E1F90041EAFE /* CollectionUITests.xctest */ = {isa = PBXFileReference; explicitFileType = wrapper.cfbundle; includeInIndex = 0; path = CollectionUITests.xctest; sourceTree = BUILT_PRODUCTS_DIR; };
		13E058112193E1F90041EAFE /* CollectionUITests.swift */ = {isa = PBXFileReference; lastKnownFileType = sourcecode.swift; path = CollectionUITests.swift; sourceTree = "<group>"; };
		13E058132193E1F90041EAFE /* Info.plist */ = {isa = PBXFileReference; lastKnownFileType = text.plist.xml; path = Info.plist; sourceTree = "<group>"; };
		13E0582321945C180041EAFE /* NextViewController.swift */ = {isa = PBXFileReference; lastKnownFileType = sourcecode.swift; path = NextViewController.swift; sourceTree = "<group>"; };
		13E0582521947B940041EAFE /* P2pB1I0-_400x400.jpg */ = {isa = PBXFileReference; lastKnownFileType = image.jpeg; name = "P2pB1I0-_400x400.jpg"; path = "../../../../../Downloads/P2pB1I0-_400x400.jpg"; sourceTree = "<group>"; };
/* End PBXFileReference section */

/* Begin PBXFrameworksBuildPhase section */
		13E057EB2193E1F60041EAFE /* Frameworks */ = {
			isa = PBXFrameworksBuildPhase;
			buildActionMask = 2147483647;
			files = (
			);
			runOnlyForDeploymentPostprocessing = 0;
		};
		13E057FF2193E1F90041EAFE /* Frameworks */ = {
			isa = PBXFrameworksBuildPhase;
			buildActionMask = 2147483647;
			files = (
			);
			runOnlyForDeploymentPostprocessing = 0;
		};
		13E0580A2193E1F90041EAFE /* Frameworks */ = {
			isa = PBXFrameworksBuildPhase;
			buildActionMask = 2147483647;
			files = (
			);
			runOnlyForDeploymentPostprocessing = 0;
		};
/* End PBXFrameworksBuildPhase section */

/* Begin PBXGroup section */
		13E057E52193E1F60041EAFE = {
			isa = PBXGroup;
			children = (
				13E057F02193E1F60041EAFE /* Collection */,
				13E058052193E1F90041EAFE /* CollectionTests */,
				13E058102193E1F90041EAFE /* CollectionUITests */,
				13E057EF2193E1F60041EAFE /* Products */,
			);
			sourceTree = "<group>";
		};
		13E057EF2193E1F60041EAFE /* Products */ = {
			isa = PBXGroup;
			children = (
				13E057EE2193E1F60041EAFE /* Collection.app */,
				13E058022193E1F90041EAFE /* CollectionTests.xctest */,
				13E0580D2193E1F90041EAFE /* CollectionUITests.xctest */,
			);
			name = Products;
			sourceTree = "<group>";
		};
		13E057F02193E1F60041EAFE /* Collection */ = {
			isa = PBXGroup;
			children = (
				13E0582521947B940041EAFE /* P2pB1I0-_400x400.jpg */,
				13E057F12193E1F60041EAFE /* AppDelegate.swift */,
				13E057F32193E1F60041EAFE /* ViewController.swift */,
				13E0582321945C180041EAFE /* NextViewController.swift */,
				13E057F52193E1F60041EAFE /* Main.storyboard */,
				13E057F82193E1F90041EAFE /* Assets.xcassets */,
				13E057FA2193E1F90041EAFE /* LaunchScreen.storyboard */,
				13E057FD2193E1F90041EAFE /* Info.plist */,
			);
			path = Collection;
			sourceTree = "<group>";
		};
		13E058052193E1F90041EAFE /* CollectionTests */ = {
			isa = PBXGroup;
			children = (
				13E058062193E1F90041EAFE /* CollectionTests.swift */,
				13E058082193E1F90041EAFE /* Info.plist */,
			);
			path = CollectionTests;
			sourceTree = "<group>";
		};
		13E058102193E1F90041EAFE /* CollectionUITests */ = {
			isa = PBXGroup;
			children = (
				13E058112193E1F90041EAFE /* CollectionUITests.swift */,
				13E058132193E1F90041EAFE /* Info.plist */,
			);
			path = CollectionUITests;
			sourceTree = "<group>";
		};
/* End PBXGroup section */

/* Begin PBXNativeTarget section */
		13E057ED2193E1F60041EAFE /* Collection */ = {
			isa = PBXNativeTarget;
			buildConfigurationList = 13E058162193E1F90041EAFE /* Build configuration list for PBXNativeTarget "Collection" */;
			buildPhases = (
				13E057EA2193E1F60041EAFE /* Sources */,
				13E057EB2193E1F60041EAFE /* Frameworks */,
				13E057EC2193E1F60041EAFE /* Resources */,
			);
			buildRules = (
			);
			dependencies = (
			);
			name = Collection;
			productName = Collection;
			productReference = 13E057EE2193E1F60041EAFE /* Collection.app */;
			productType = "com.apple.product-type.application";
		};
		13E058012193E1F90041EAFE /* CollectionTests */ = {
			isa = PBXNativeTarget;
			buildConfigurationList = 13E058192193E1F90041EAFE /* Build configuration list for PBXNativeTarget "CollectionTests" */;
			buildPhases = (
				13E057FE2193E1F90041EAFE /* Sources */,
				13E057FF2193E1F90041EAFE /* Frameworks */,
				13E058002193E1F90041EAFE /* Resources */,
			);
			buildRules = (
			);
			dependencies = (
				13E058042193E1F90041EAFE /* PBXTargetDependency */,
			);
			name = CollectionTests;
			productName = CollectionTests;
			productReference = 13E058022193E1F90041EAFE /* CollectionTests.xctest */;
			productType = "com.apple.product-type.bundle.unit-test";
		};
		13E0580C2193E1F90041EAFE /* CollectionUITests */ = {
			isa = PBXNativeTarget;
			buildConfigurationList = 13E0581C2193E1F90041EAFE /* Build configuration list for PBXNativeTarget "CollectionUITests" */;
			buildPhases = (
				13E058092193E1F90041EAFE /* Sources */,
				13E0580A2193E1F90041EAFE /* Frameworks */,
				13E0580B2193E1F90041EAFE /* Resources */,
			);
			buildRules = (
			);
			dependencies = (
				13E0580F2193E1F90041EAFE /* PBXTargetDependency */,
			);
			name = CollectionUITests;
			productName = CollectionUITests;
			productReference = 13E0580D2193E1F90041EAFE /* CollectionUITests.xctest */;
			productType = "com.apple.product-type.bundle.ui-testing";
		};
/* End PBXNativeTarget section */

/* Begin PBXProject section */
		13E057E62193E1F60041EAFE /* Project object */ = {
			isa = PBXProject;
			attributes = {
				LastSwiftUpdateCheck = 1010;
				LastUpgradeCheck = 1010;
				ORGANIZATIONNAME = "大城昂希";
				TargetAttributes = {
					13E057ED2193E1F60041EAFE = {
						CreatedOnToolsVersion = 10.1;
					};
					13E058012193E1F90041EAFE = {
						CreatedOnToolsVersion = 10.1;
						TestTargetID = 13E057ED2193E1F60041EAFE;
					};
					13E0580C2193E1F90041EAFE = {
						CreatedOnToolsVersion = 10.1;
						TestTargetID = 13E057ED2193E1F60041EAFE;
					};
				};
			};
			buildConfigurationList = 13E057E92193E1F60041EAFE /* Build configuration list for PBXProject "Collection" */;
			compatibilityVersion = "Xcode 9.3";
			developmentRegion = en;
			hasScannedForEncodings = 0;
			knownRegions = (
				en,
				Base,
			);
			mainGroup = 13E057E52193E1F60041EAFE;
			productRefGroup = 13E057EF2193E1F60041EAFE /* Products */;
			projectDirPath = "";
			projectRoot = "";
			targets = (
				13E057ED2193E1F60041EAFE /* Collection */,
				13E058012193E1F90041EAFE /* CollectionTests */,
				13E0580C2193E1F90041EAFE /* CollectionUITests */,
			);
		};
/* End PBXProject section */

/* Begin PBXResourcesBuildPhase section */
		13E057EC2193E1F60041EAFE /* Resources */ = {
			isa = PBXResourcesBuildPhase;
			buildActionMask = 2147483647;
			files = (
				13E057FC2193E1F90041EAFE /* LaunchScreen.storyboard in Resources */,
				13E0582621947B940041EAFE /* P2pB1I0-_400x400.jpg in Resources */,
				13E057F92193E1F90041EAFE /* Assets.xcassets in Resources */,
				13E057F72193E1F60041EAFE /* Main.storyboard in Resources */,
			);
			runOnlyForDeploymentPostprocessing = 0;
		};
		13E058002193E1F90041EAFE /* Resources */ = {
			isa = PBXResourcesBuildPhase;
			buildActionMask = 2147483647;
			files = (
			);
			runOnlyForDeploymentPostprocessing = 0;
		};
		13E0580B2193E1F90041EAFE /* Resources */ = {
			isa = PBXResourcesBuildPhase;
			buildActionMask = 2147483647;
			files = (
			);
			runOnlyForDeploymentPostprocessing = 0;
		};
/* End PBXResourcesBuildPhase section */

/* Begin PBXSourcesBuildPhase section */
		13E057EA2193E1F60041EAFE /* Sources */ = {
			isa = PBXSourcesBuildPhase;
			buildActionMask = 2147483647;
			files = (
				13E057F42193E1F60041EAFE /* ViewController.swift in Sources */,
				13E0582421945C180041EAFE /* NextViewController.swift in Sources */,
				13E057F22193E1F60041EAFE /* AppDelegate.swift in Sources */,
			);
			runOnlyForDeploymentPostprocessing = 0;
		};
		13E057FE2193E1F90041EAFE /* Sources */ = {
			isa = PBXSourcesBuildPhase;
			buildActionMask = 2147483647;
			files = (
				13E058072193E1F90041EAFE /* CollectionTests.swift in Sources */,
			);
			runOnlyForDeploymentPostprocessing = 0;
		};
		13E058092193E1F90041EAFE /* Sources */ = {
			isa = PBXSourcesBuildPhase;
			buildActionMask = 2147483647;
			files = (
				13E058122193E1F90041EAFE /* CollectionUITests.swift in Sources */,
			);
			runOnlyForDeploymentPostprocessing = 0;
		};
/* End PBXSourcesBuildPhase section */

/* Begin PBXTargetDependency section */
		13E058042193E1F90041EAFE /* PBXTargetDependency */ = {
			isa = PBXTargetDependency;
			target = 13E057ED2193E1F60041EAFE /* Collection */;
			targetProxy = 13E058032193E1F90041EAFE /* PBXContainerItemProxy */;
		};
		13E0580F2193E1F90041EAFE /* PBXTargetDependency */ = {
			isa = PBXTargetDependency;
			target = 13E057ED2193E1F60041EAFE /* Collection */;
			targetProxy = 13E0580E2193E1F90041EAFE /* PBXContainerItemProxy */;
		};
/* End PBXTargetDependency section */

/* Begin PBXVariantGroup section */
		13E057F52193E1F60041EAFE /* Main.storyboard */ = {
			isa = PBXVariantGroup;
			children = (
				13E057F62193E1F60041EAFE /* Base */,
			);
			name = Main.storyboard;
			sourceTree = "<group>";
		};
		13E057FA2193E1F90041EAFE /* LaunchScreen.storyboard */ = {
			isa = PBXVariantGroup;
			children = (
				13E057FB2193E1F90041EAFE /* Base */,
			);
			name = LaunchScreen.storyboard;
			sourceTree = "<group>";
		};
/* End PBXVariantGroup section */

/* Begin XCBuildConfiguration section */
		13E058142193E1F90041EAFE /* Debug */ = {
			isa = XCBuildConfiguration;
			buildSettings = {
				ALWAYS_SEARCH_USER_PATHS = NO;
				CLANG_ANALYZER_NONNULL = YES;
				CLANG_ANALYZER_NUMBER_OBJECT_CONVERSION = YES_AGGRESSIVE;
				CLANG_CXX_LANGUAGE_STANDARD = "gnu++14";
				CLANG_CXX_LIBRARY = "libc++";
				CLANG_ENABLE_MODULES = YES;
				CLANG_ENABLE_OBJC_ARC = YES;
				CLANG_ENABLE_OBJC_WEAK = YES;
				CLANG_WARN_BLOCK_CAPTURE_AUTORELEASING = YES;
				CLANG_WARN_BOOL_CONVERSION = YES;
				CLANG_WARN_COMMA = YES;
				CLANG_WARN_CONSTANT_CONVERSION = YES;
				CLANG_WARN_DEPRECATED_OBJC_IMPLEMENTATIONS = YES;
				CLANG_WARN_DIRECT_OBJC_ISA_USAGE = YES_ERROR;
				CLANG_WARN_DOCUMENTATION_COMMENTS = YES;
				CLANG_WARN_EMPTY_BODY = YES;
				CLANG_WARN_ENUM_CONVERSION = YES;
				CLANG_WARN_INFINITE_RECURSION = YES;
				CLANG_WARN_INT_CONVERSION = YES;
				CLANG_WARN_NON_LITERAL_NULL_CONVERSION = YES;
				CLANG_WARN_OBJC_IMPLICIT_RETAIN_SELF = YES;
				CLANG_WARN_OBJC_LITERAL_CONVERSION = YES;
				CLANG_WARN_OBJC_ROOT_CLASS = YES_ERROR;
				CLANG_WARN_RANGE_LOOP_ANALYSIS = YES;
				CLANG_WARN_STRICT_PROTOTYPES = YES;
				CLANG_WARN_SUSPICIOUS_MOVE = YES;
				CLANG_WARN_UNGUARDED_AVAILABILITY = YES_AGGRESSIVE;
				CLANG_WARN_UNREACHABLE_CODE = YES;
				CLANG_WARN__DUPLICATE_METHOD_MATCH = YES;
				CODE_SIGN_IDENTITY = "iPhone Developer";
				COPY_PHASE_STRIP = NO;
				DEBUG_INFORMATION_FORMAT = dwarf;
				ENABLE_STRICT_OBJC_MSGSEND = YES;
				ENABLE_TESTABILITY = YES;
				GCC_C_LANGUAGE_STANDARD = gnu11;
				GCC_DYNAMIC_NO_PIC = NO;
				GCC_NO_COMMON_BLOCKS = YES;
				GCC_OPTIMIZATION_LEVEL = 0;
				GCC_PREPROCESSOR_DEFINITIONS = (
					"DEBUG=1",
					"$(inherited)",
				);
				GCC_WARN_64_TO_32_BIT_CONVERSION = YES;
				GCC_WARN_ABOUT_RETURN_TYPE = YES_ERROR;
				GCC_WARN_UNDECLARED_SELECTOR = YES;
				GCC_WARN_UNINITIALIZED_AUTOS = YES_AGGRESSIVE;
				GCC_WARN_UNUSED_FUNCTION = YES;
				GCC_WARN_UNUSED_VARIABLE = YES;
				IPHONEOS_DEPLOYMENT_TARGET = 12.1;
				MTL_ENABLE_DEBUG_INFO = INCLUDE_SOURCE;
				MTL_FAST_MATH = YES;
				ONLY_ACTIVE_ARCH = YES;
				SDKROOT = iphoneos;
				SWIFT_ACTIVE_COMPILATION_CONDITIONS = DEBUG;
				SWIFT_OPTIMIZATION_LEVEL = "-Onone";
			};
			name = Debug;
		};
		13E058152193E1F90041EAFE /* Release */ = {
			isa = XCBuildConfiguration;
			buildSettings = {
				ALWAYS_SEARCH_USER_PATHS = NO;
				CLANG_ANALYZER_NONNULL = YES;
				CLANG_ANALYZER_NUMBER_OBJECT_CONVERSION = YES_AGGRESSIVE;
				CLANG_CXX_LANGUAGE_STANDARD = "gnu++14";
				CLANG_CXX_LIBRARY = "libc++";
				CLANG_ENABLE_MODULES = YES;
				CLANG_ENABLE_OBJC_ARC = YES;
				CLANG_ENABLE_OBJC_WEAK = YES;
				CLANG_WARN_BLOCK_CAPTURE_AUTORELEASING = YES;
				CLANG_WARN_BOOL_CONVERSION = YES;
				CLANG_WARN_COMMA = YES;
				CLANG_WARN_CONSTANT_CONVERSION = YES;
				CLANG_WARN_DEPRECATED_OBJC_IMPLEMENTATIONS = YES;
				CLANG_WARN_DIRECT_OBJC_ISA_USAGE = YES_ERROR;
				CLANG_WARN_DOCUMENTATION_COMMENTS = YES;
				CLANG_WARN_EMPTY_BODY = YES;
				CLANG_WARN_ENUM_CONVERSION = YES;
				CLANG_WARN_INFINITE_RECURSION = YES;
				CLANG_WARN_INT_CONVERSION = YES;
				CLANG_WARN_NON_LITERAL_NULL_CONVERSION = YES;
				CLANG_WARN_OBJC_IMPLICIT_RETAIN_SELF = YES;
				CLANG_WARN_OBJC_LITERAL_CONVERSION = YES;
				CLANG_WARN_OBJC_ROOT_CLASS = YES_ERROR;
				CLANG_WARN_RANGE_LOOP_ANALYSIS = YES;
				CLANG_WARN_STRICT_PROTOTYPES = YES;
				CLANG_WARN_SUSPICIOUS_MOVE = YES;
				CLANG_WARN_UNGUARDED_AVAILABILITY = YES_AGGRESSIVE;
				CLANG_WARN_UNREACHABLE_CODE = YES;
				CLANG_WARN__DUPLICATE_METHOD_MATCH = YES;
				CODE_SIGN_IDENTITY = "iPhone Developer";
				COPY_PHASE_STRIP = NO;
				DEBUG_INFORMATION_FORMAT = "dwarf-with-dsym";
				ENABLE_NS_ASSERTIONS = NO;
				ENABLE_STRICT_OBJC_MSGSEND = YES;
				GCC_C_LANGUAGE_STANDARD = gnu11;
				GCC_NO_COMMON_BLOCKS = YES;
				GCC_WARN_64_TO_32_BIT_CONVERSION = YES;
				GCC_WARN_ABOUT_RETURN_TYPE = YES_ERROR;
				GCC_WARN_UNDECLARED_SELECTOR = YES;
				GCC_WARN_UNINITIALIZED_AUTOS = YES_AGGRESSIVE;
				GCC_WARN_UNUSED_FUNCTION = YES;
				GCC_WARN_UNUSED_VARIABLE = YES;
				IPHONEOS_DEPLOYMENT_TARGET = 12.1;
				MTL_ENABLE_DEBUG_INFO = NO;
				MTL_FAST_MATH = YES;
				SDKROOT = iphoneos;
				SWIFT_COMPILATION_MODE = wholemodule;
				SWIFT_OPTIMIZATION_LEVEL = "-O";
				VALIDATE_PRODUCT = YES;
			};
			name = Release;
		};
		13E058172193E1F90041EAFE /* Debug */ = {
			isa = XCBuildConfiguration;
			buildSettings = {
				ASSETCATALOG_COMPILER_APPICON_NAME = AppIcon;
				CODE_SIGN_STYLE = Automatic;
				INFOPLIST_FILE = Collection/Info.plist;
				LD_RUNPATH_SEARCH_PATHS = (
					"$(inherited)",
					"@executable_path/Frameworks",
				);
				PRODUCT_BUNDLE_IDENTIFIER = com.example.Collection;
				PRODUCT_NAME = "$(TARGET_NAME)";
				SWIFT_VERSION = 4.2;
				TARGETED_DEVICE_FAMILY = "1,2";
			};
			name = Debug;
		};
		13E058182193E1F90041EAFE /* Release */ = {
			isa = XCBuildConfiguration;
			buildSettings = {
				ASSETCATALOG_COMPILER_APPICON_NAME = AppIcon;
				CODE_SIGN_STYLE = Automatic;
				INFOPLIST_FILE = Collection/Info.plist;
				LD_RUNPATH_SEARCH_PATHS = (
					"$(inherited)",
					"@executable_path/Frameworks",
				);
				PRODUCT_BUNDLE_IDENTIFIER = com.example.Collection;
				PRODUCT_NAME = "$(TARGET_NAME)";
				SWIFT_VERSION = 4.2;
				TARGETED_DEVICE_FAMILY = "1,2";
			};
			name = Release;
		};
		13E0581A2193E1F90041EAFE /* Debug */ = {
			isa = XCBuildConfiguration;
			buildSettings = {
				ALWAYS_EMBED_SWIFT_STANDARD_LIBRARIES = YES;
				BUNDLE_LOADER = "$(TEST_HOST)";
				CODE_SIGN_STYLE = Automatic;
				INFOPLIST_FILE = CollectionTests/Info.plist;
				LD_RUNPATH_SEARCH_PATHS = (
					"$(inherited)",
					"@executable_path/Frameworks",
					"@loader_path/Frameworks",
				);
				PRODUCT_BUNDLE_IDENTIFIER = com.example.CollectionTests;
				PRODUCT_NAME = "$(TARGET_NAME)";
				SWIFT_VERSION = 4.2;
				TARGETED_DEVICE_FAMILY = "1,2";
				TEST_HOST = "$(BUILT_PRODUCTS_DIR)/Collection.app/Collection";
			};
			name = Debug;
		};
		13E0581B2193E1F90041EAFE /* Release */ = {
			isa = XCBuildConfiguration;
			buildSettings = {
				ALWAYS_EMBED_SWIFT_STANDARD_LIBRARIES = YES;
				BUNDLE_LOADER = "$(TEST_HOST)";
				CODE_SIGN_STYLE = Automatic;
				INFOPLIST_FILE = CollectionTests/Info.plist;
				LD_RUNPATH_SEARCH_PATHS = (
					"$(inherited)",
					"@executable_path/Frameworks",
					"@loader_path/Frameworks",
				);
				PRODUCT_BUNDLE_IDENTIFIER = com.example.CollectionTests;
				PRODUCT_NAME = "$(TARGET_NAME)";
				SWIFT_VERSION = 4.2;
				TARGETED_DEVICE_FAMILY = "1,2";
				TEST_HOST = "$(BUILT_PRODUCTS_DIR)/Collection.app/Collection";
			};
			name = Release;
		};
		13E0581D2193E1F90041EAFE /* Debug */ = {
			isa = XCBuildConfiguration;
			buildSettings = {
				ALWAYS_EMBED_SWIFT_STANDARD_LIBRARIES = YES;
				CODE_SIGN_STYLE = Automatic;
				INFOPLIST_FILE = CollectionUITests/Info.plist;
				LD_RUNPATH_SEARCH_PATHS = (
					"$(inherited)",
					"@executable_path/Frameworks",
					"@loader_path/Frameworks",
				);
				PRODUCT_BUNDLE_IDENTIFIER = com.example.CollectionUITests;
				PRODUCT_NAME = "$(TARGET_NAME)";
				SWIFT_VERSION = 4.2;
				TARGETED_DEVICE_FAMILY = "1,2";
				TEST_TARGET_NAME = Collection;
			};
			name = Debug;
		};
		13E0581E2193E1F90041EAFE /* Release */ = {
			isa = XCBuildConfiguration;
			buildSettings = {
				ALWAYS_EMBED_SWIFT_STANDARD_LIBRARIES = YES;
				CODE_SIGN_STYLE = Automatic;
				INFOPLIST_FILE = CollectionUITests/Info.plist;
				LD_RUNPATH_SEARCH_PATHS = (
					"$(inherited)",
					"@executable_path/Frameworks",
					"@loader_path/Frameworks",
				);
				PRODUCT_BUNDLE_IDENTIFIER = com.example.CollectionUITests;
				PRODUCT_NAME = "$(TARGET_NAME)";
				SWIFT_VERSION = 4.2;
				TARGETED_DEVICE_FAMILY = "1,2";
				TEST_TARGET_NAME = Collection;
			};
			name = Release;
		};
/* End XCBuildConfiguration section */

/* Begin XCConfigurationList section */
		13E057E92193E1F60041EAFE /* Build configuration list for PBXProject "Collection" */ = {
			isa = XCConfigurationList;
			buildConfigurations = (
				13E058142193E1F90041EAFE /* Debug */,
				13E058152193E1F90041EAFE /* Release */,
			);
			defaultConfigurationIsVisible = 0;
			defaultConfigurationName = Release;
		};
		13E058162193E1F90041EAFE /* Build configuration list for PBXNativeTarget "Collection" */ = {
			isa = XCConfigurationList;
			buildConfigurations = (
				13E058172193E1F90041EAFE /* Debug */,
				13E058182193E1F90041EAFE /* Release */,
			);
			defaultConfigurationIsVisible = 0;
			defaultConfigurationName = Release;
		};
		13E058192193E1F90041EAFE /* Build configuration list for PBXNativeTarget "CollectionTests" */ = {
			isa = XCConfigurationList;
			buildConfigurations = (
				13E0581A2193E1F90041EAFE /* Debug */,
				13E0581B2193E1F90041EAFE /* Release */,
			);
			defaultConfigurationIsVisible = 0;
			defaultConfigurationName = Release;
		};
		13E0581C2193E1F90041EAFE /* Build configuration list for PBXNativeTarget "CollectionUITests" */ = {
			isa = XCConfigurationList;
			buildConfigurations = (
				13E0581D2193E1F90041EAFE /* Debug */,
				13E0581E2193E1F90041EAFE /* Release */,
			);
			defaultConfigurationIsVisible = 0;
			defaultConfigurationName = Release;
		};
/* End XCConfigurationList section */
	};
	rootObject = 13E057E62193E1F60041EAFE /* Project object */;
}
